// !$*UTF8*$!
{
	archiveVersion = 1;
	classes = {
	};
	objectVersion = 56;
	objects = {

/* Begin PBXBuildFile section */
		038F2EA606416022B41D9ECD /* Pods_Spotify_Clone.framework in Frameworks */ = {isa = PBXBuildFile; fileRef = 7A3E867434F83DBE5D045B4D /* Pods_Spotify_Clone.framework */; };
		0D28A06129D29E4000EC9420 /* AppDelegate.swift in Sources */ = {isa = PBXBuildFile; fileRef = 0D28A06029D29E4000EC9420 /* AppDelegate.swift */; };
		0D28A06329D29E4000EC9420 /* SceneDelegate.swift in Sources */ = {isa = PBXBuildFile; fileRef = 0D28A06229D29E4000EC9420 /* SceneDelegate.swift */; };
		0D28A06529D29E4000EC9420 /* HomeViewController.swift in Sources */ = {isa = PBXBuildFile; fileRef = 0D28A06429D29E4000EC9420 /* HomeViewController.swift */; };
		0D28A06A29D29E4200EC9420 /* Assets.xcassets in Resources */ = {isa = PBXBuildFile; fileRef = 0D28A06929D29E4200EC9420 /* Assets.xcassets */; };
		0D28A06D29D29E4200EC9420 /* LaunchScreen.storyboard in Resources */ = {isa = PBXBuildFile; fileRef = 0D28A06B29D29E4200EC9420 /* LaunchScreen.storyboard */; };
		0D28A07C29D2A27100EC9420 /* TabBarController.swift in Sources */ = {isa = PBXBuildFile; fileRef = 0D28A07B29D2A27100EC9420 /* TabBarController.swift */; };
		0D28A07E29D2A2D200EC9420 /* SearchViewController.swift in Sources */ = {isa = PBXBuildFile; fileRef = 0D28A07D29D2A2D200EC9420 /* SearchViewController.swift */; };
		0D28A08029D2A2DE00EC9420 /* LibraryViewController.swift in Sources */ = {isa = PBXBuildFile; fileRef = 0D28A07F29D2A2DE00EC9420 /* LibraryViewController.swift */; };
		0D28A08329D2A2F700EC9420 /* AuthViewController.swift in Sources */ = {isa = PBXBuildFile; fileRef = 0D28A08229D2A2F700EC9420 /* AuthViewController.swift */; };
		0D28A08529D2A30900EC9420 /* WelcomeViewController.swift in Sources */ = {isa = PBXBuildFile; fileRef = 0D28A08429D2A30900EC9420 /* WelcomeViewController.swift */; };
		0D28A08729D2A32800EC9420 /* ProfileViewController.swift in Sources */ = {isa = PBXBuildFile; fileRef = 0D28A08629D2A32800EC9420 /* ProfileViewController.swift */; };
		0D28A08929D2A33000EC9420 /* SettingsViewController.swift in Sources */ = {isa = PBXBuildFile; fileRef = 0D28A08829D2A33000EC9420 /* SettingsViewController.swift */; };
		0D28A08B29D2A33D00EC9420 /* PlayerViewController.swift in Sources */ = {isa = PBXBuildFile; fileRef = 0D28A08A29D2A33D00EC9420 /* PlayerViewController.swift */; };
		0D28A08D29D2A35300EC9420 /* PlaylistViewController.swift in Sources */ = {isa = PBXBuildFile; fileRef = 0D28A08C29D2A35300EC9420 /* PlaylistViewController.swift */; };
		0D28A08F29D2A36700EC9420 /* SearchResultsViewController.swift in Sources */ = {isa = PBXBuildFile; fileRef = 0D28A08E29D2A36700EC9420 /* SearchResultsViewController.swift */; };
		0D28A09129D2A39000EC9420 /* AuthManager.swift in Sources */ = {isa = PBXBuildFile; fileRef = 0D28A09029D2A39000EC9420 /* AuthManager.swift */; };
		0D28A09329D2A3A300EC9420 /* APICaller.swift in Sources */ = {isa = PBXBuildFile; fileRef = 0D28A09229D2A3A300EC9420 /* APICaller.swift */; };
		0D28A09529D2A3C800EC9420 /* HapticsManager.swift in Sources */ = {isa = PBXBuildFile; fileRef = 0D28A09429D2A3C800EC9420 /* HapticsManager.swift */; };
		0D28A09729D2A40100EC9420 /* Playlist.swift in Sources */ = {isa = PBXBuildFile; fileRef = 0D28A09629D2A40100EC9420 /* Playlist.swift */; };
		0D28A09929D2A40F00EC9420 /* AudioTracker.swift in Sources */ = {isa = PBXBuildFile; fileRef = 0D28A09829D2A40F00EC9420 /* AudioTracker.swift */; };
		0D28A09B29D2A41F00EC9420 /* Artist.swift in Sources */ = {isa = PBXBuildFile; fileRef = 0D28A09A29D2A41F00EC9420 /* Artist.swift */; };
		0D28A09D29D2A43400EC9420 /* UserProfile.swift in Sources */ = {isa = PBXBuildFile; fileRef = 0D28A09C29D2A43400EC9420 /* UserProfile.swift */; };
		0D28A09F29D3341900EC9420 /* Extensions.swift in Sources */ = {isa = PBXBuildFile; fileRef = 0D28A09E29D3341900EC9420 /* Extensions.swift */; };
		0D28A0A129D371B200EC9420 /* AuthResponse.swift in Sources */ = {isa = PBXBuildFile; fileRef = 0D28A0A029D371B200EC9420 /* AuthResponse.swift */; };
		0D28A0A329D3DCB300EC9420 /* SettingsModel.swift in Sources */ = {isa = PBXBuildFile; fileRef = 0D28A0A229D3DCB300EC9420 /* SettingsModel.swift */; };
		0D28A0A529D646E300EC9420 /* NewReleasesResponse.swift in Sources */ = {isa = PBXBuildFile; fileRef = 0D28A0A429D646E300EC9420 /* NewReleasesResponse.swift */; };
		0D28A0A729D6485400EC9420 /* ApiImage.swift in Sources */ = {isa = PBXBuildFile; fileRef = 0D28A0A629D6485400EC9420 /* ApiImage.swift */; };
		0D28A0A929D64C9100EC9420 /* FeaturedPlaylistsResponse.swift in Sources */ = {isa = PBXBuildFile; fileRef = 0D28A0A829D64C9100EC9420 /* FeaturedPlaylistsResponse.swift */; };
		0D28A0AB29D64FB800EC9420 /* RecommendedGenresResponse.swift in Sources */ = {isa = PBXBuildFile; fileRef = 0D28A0AA29D64FB700EC9420 /* RecommendedGenresResponse.swift */; };
		0D28A0AD29D652CA00EC9420 /* RecommentadionResponse.swift in Sources */ = {isa = PBXBuildFile; fileRef = 0D28A0AC29D652CA00EC9420 /* RecommentadionResponse.swift */; };
		0D28A0B029D7961200EC9420 /* FeaturedPlaylistCollectionViewCell.swift in Sources */ = {isa = PBXBuildFile; fileRef = 0D28A0AF29D7961200EC9420 /* FeaturedPlaylistCollectionViewCell.swift */; };
		0D28A0B229D7963000EC9420 /* NewReleaseCollectionViewCell.swift in Sources */ = {isa = PBXBuildFile; fileRef = 0D28A0B129D7962F00EC9420 /* NewReleaseCollectionViewCell.swift */; };
		0D28A0B429D796A400EC9420 /* RecommendedTrackCollectionViewCell.swift in Sources */ = {isa = PBXBuildFile; fileRef = 0D28A0B329D796A400EC9420 /* RecommendedTrackCollectionViewCell.swift */; };
		0D28A0B629D79CC200EC9420 /* NewReleasesCellViewModel.swift in Sources */ = {isa = PBXBuildFile; fileRef = 0D28A0B529D79CC200EC9420 /* NewReleasesCellViewModel.swift */; };
		0D28A0B829D8BECF00EC9420 /* FeaturedPlaylistCellViewModel.swift in Sources */ = {isa = PBXBuildFile; fileRef = 0D28A0B729D8BECF00EC9420 /* FeaturedPlaylistCellViewModel.swift */; };
		0D28A0BA29D8BF0E00EC9420 /* RecommendedTrackCellViewModel.swift in Sources */ = {isa = PBXBuildFile; fileRef = 0D28A0B929D8BF0E00EC9420 /* RecommendedTrackCellViewModel.swift */; };
		0D28A0BC29D9D81000EC9420 /* AlbumViewController.swift in Sources */ = {isa = PBXBuildFile; fileRef = 0D28A0BB29D9D81000EC9420 /* AlbumViewController.swift */; };
		0D28A0BF29D9E24D00EC9420 /* Album.swift in Sources */ = {isa = PBXBuildFile; fileRef = 0D28A0BE29D9E24D00EC9420 /* Album.swift */; };
		0D28A0C129D9E25600EC9420 /* AlbumDetailsResponse.swift in Sources */ = {isa = PBXBuildFile; fileRef = 0D28A0C029D9E25600EC9420 /* AlbumDetailsResponse.swift */; };
		0D28A0C529D9E94700EC9420 /* PlaylistDetailsResponse.swift in Sources */ = {isa = PBXBuildFile; fileRef = 0D28A0C429D9E94700EC9420 /* PlaylistDetailsResponse.swift */; };
		0D28A0C729DA0BDA00EC9420 /* PlaylistHeaderCollectionReusableView.swift in Sources */ = {isa = PBXBuildFile; fileRef = 0D28A0C629DA0BDA00EC9420 /* PlaylistHeaderCollectionReusableView.swift */; };
		0D28A0C929DA856300EC9420 /* PlaylistHeaderViewModel.swift in Sources */ = {isa = PBXBuildFile; fileRef = 0D28A0C829DA856300EC9420 /* PlaylistHeaderViewModel.swift */; };
		0D28A0CB29DB137100EC9420 /* TItleHeaderCollectionReusableView.swift in Sources */ = {isa = PBXBuildFile; fileRef = 0D28A0CA29DB137100EC9420 /* TItleHeaderCollectionReusableView.swift */; };
		0D28A0CD29DB9B5500EC9420 /* AlbumTrackCollectionViewCell.swift in Sources */ = {isa = PBXBuildFile; fileRef = 0D28A0CC29DB9B5500EC9420 /* AlbumTrackCollectionViewCell.swift */; };
		0D28A0CF29DBBFE900EC9420 /* AlbumCollectionViewCellViewModel.swift in Sources */ = {isa = PBXBuildFile; fileRef = 0D28A0CE29DBBFE900EC9420 /* AlbumCollectionViewCellViewModel.swift */; };
		0D28A0D129DBD31100EC9420 /* CategoryCollectionViewCell.swift in Sources */ = {isa = PBXBuildFile; fileRef = 0D28A0D029DBD31100EC9420 /* CategoryCollectionViewCell.swift */; };
		0D28A0D429DD1EE700EC9420 /* AllCategoriesResponse.swift in Sources */ = {isa = PBXBuildFile; fileRef = 0D28A0D329DD1EE700EC9420 /* AllCategoriesResponse.swift */; };
		0D28A0D629DD1F2500EC9420 /* Category.swift in Sources */ = {isa = PBXBuildFile; fileRef = 0D28A0D529DD1F2400EC9420 /* Category.swift */; };
		0D28A0D829DD262100EC9420 /* CategoryCollectionViewCellViewModel.swift in Sources */ = {isa = PBXBuildFile; fileRef = 0D28A0D729DD262100EC9420 /* CategoryCollectionViewCellViewModel.swift */; };
		0D28A0DA29DD274400EC9420 /* CategoryViewController.swift in Sources */ = {isa = PBXBuildFile; fileRef = 0D28A0D929DD274400EC9420 /* CategoryViewController.swift */; };
		0D28A0DD29DFC2E500EC9420 /* SearchResultResponse.swift in Sources */ = {isa = PBXBuildFile; fileRef = 0D28A0DC29DFC2E500EC9420 /* SearchResultResponse.swift */; };
		0D28A0DF29DFC41900EC9420 /* SearchResult.swift in Sources */ = {isa = PBXBuildFile; fileRef = 0D28A0DE29DFC41900EC9420 /* SearchResult.swift */; };
		0D28A0E229E0C62800EC9420 /* SearchResultDefaultTableViewCell.swift in Sources */ = {isa = PBXBuildFile; fileRef = 0D28A0E129E0C62800EC9420 /* SearchResultDefaultTableViewCell.swift */; };
		0D28A0E429E0CABF00EC9420 /* SearchResultDefaultTableViewCellViewModel.swift in Sources */ = {isa = PBXBuildFile; fileRef = 0D28A0E329E0CABF00EC9420 /* SearchResultDefaultTableViewCellViewModel.swift */; };
		0D28A0E629E0D11700EC9420 /* SearchResultsSubtitleTableViewCell.swift in Sources */ = {isa = PBXBuildFile; fileRef = 0D28A0E529E0D11700EC9420 /* SearchResultsSubtitleTableViewCell.swift */; };
		0D28A0E829E0D23E00EC9420 /* SearchResultsSubtitleTableViewCellViewModel.swift in Sources */ = {isa = PBXBuildFile; fileRef = 0D28A0E729E0D23E00EC9420 /* SearchResultsSubtitleTableViewCellViewModel.swift */; };
		0D28A0ED29E1D20300EC9420 /* PlaybackPresenter.swift in Sources */ = {isa = PBXBuildFile; fileRef = 0D28A0EC29E1D20300EC9420 /* PlaybackPresenter.swift */; };
		0D28A0F029E1F71F00EC9420 /* PlayerControlsView.swift in Sources */ = {isa = PBXBuildFile; fileRef = 0D28A0EF29E1F71F00EC9420 /* PlayerControlsView.swift */; };
/* End PBXBuildFile section */

/* Begin PBXFileReference section */
		0D28A05D29D29E4000EC9420 /* Spotify Clone.app */ = {isa = PBXFileReference; explicitFileType = wrapper.application; includeInIndex = 0; path = "Spotify Clone.app"; sourceTree = BUILT_PRODUCTS_DIR; };
		0D28A06029D29E4000EC9420 /* AppDelegate.swift */ = {isa = PBXFileReference; lastKnownFileType = sourcecode.swift; path = AppDelegate.swift; sourceTree = "<group>"; };
		0D28A06229D29E4000EC9420 /* SceneDelegate.swift */ = {isa = PBXFileReference; lastKnownFileType = sourcecode.swift; path = SceneDelegate.swift; sourceTree = "<group>"; };
		0D28A06429D29E4000EC9420 /* HomeViewController.swift */ = {isa = PBXFileReference; lastKnownFileType = sourcecode.swift; path = HomeViewController.swift; sourceTree = "<group>"; };
		0D28A06929D29E4200EC9420 /* Assets.xcassets */ = {isa = PBXFileReference; lastKnownFileType = folder.assetcatalog; path = Assets.xcassets; sourceTree = "<group>"; };
		0D28A06C29D29E4200EC9420 /* Base */ = {isa = PBXFileReference; lastKnownFileType = file.storyboard; name = Base; path = Base.lproj/LaunchScreen.storyboard; sourceTree = "<group>"; };
		0D28A06E29D29E4200EC9420 /* Info.plist */ = {isa = PBXFileReference; lastKnownFileType = text.plist.xml; path = Info.plist; sourceTree = "<group>"; };
		0D28A07B29D2A27100EC9420 /* TabBarController.swift */ = {isa = PBXFileReference; lastKnownFileType = sourcecode.swift; path = TabBarController.swift; sourceTree = "<group>"; };
		0D28A07D29D2A2D200EC9420 /* SearchViewController.swift */ = {isa = PBXFileReference; lastKnownFileType = sourcecode.swift; path = SearchViewController.swift; sourceTree = "<group>"; };
		0D28A07F29D2A2DE00EC9420 /* LibraryViewController.swift */ = {isa = PBXFileReference; lastKnownFileType = sourcecode.swift; path = LibraryViewController.swift; sourceTree = "<group>"; };
		0D28A08229D2A2F700EC9420 /* AuthViewController.swift */ = {isa = PBXFileReference; lastKnownFileType = sourcecode.swift; path = AuthViewController.swift; sourceTree = "<group>"; };
		0D28A08429D2A30900EC9420 /* WelcomeViewController.swift */ = {isa = PBXFileReference; lastKnownFileType = sourcecode.swift; path = WelcomeViewController.swift; sourceTree = "<group>"; };
		0D28A08629D2A32800EC9420 /* ProfileViewController.swift */ = {isa = PBXFileReference; lastKnownFileType = sourcecode.swift; path = ProfileViewController.swift; sourceTree = "<group>"; };
		0D28A08829D2A33000EC9420 /* SettingsViewController.swift */ = {isa = PBXFileReference; lastKnownFileType = sourcecode.swift; path = SettingsViewController.swift; sourceTree = "<group>"; };
		0D28A08A29D2A33D00EC9420 /* PlayerViewController.swift */ = {isa = PBXFileReference; lastKnownFileType = sourcecode.swift; path = PlayerViewController.swift; sourceTree = "<group>"; };
		0D28A08C29D2A35300EC9420 /* PlaylistViewController.swift */ = {isa = PBXFileReference; lastKnownFileType = sourcecode.swift; path = PlaylistViewController.swift; sourceTree = "<group>"; };
		0D28A08E29D2A36700EC9420 /* SearchResultsViewController.swift */ = {isa = PBXFileReference; lastKnownFileType = sourcecode.swift; path = SearchResultsViewController.swift; sourceTree = "<group>"; };
		0D28A09029D2A39000EC9420 /* AuthManager.swift */ = {isa = PBXFileReference; lastKnownFileType = sourcecode.swift; path = AuthManager.swift; sourceTree = "<group>"; };
		0D28A09229D2A3A300EC9420 /* APICaller.swift */ = {isa = PBXFileReference; lastKnownFileType = sourcecode.swift; path = APICaller.swift; sourceTree = "<group>"; };
		0D28A09429D2A3C800EC9420 /* HapticsManager.swift */ = {isa = PBXFileReference; lastKnownFileType = sourcecode.swift; path = HapticsManager.swift; sourceTree = "<group>"; };
		0D28A09629D2A40100EC9420 /* Playlist.swift */ = {isa = PBXFileReference; lastKnownFileType = sourcecode.swift; path = Playlist.swift; sourceTree = "<group>"; };
		0D28A09829D2A40F00EC9420 /* AudioTracker.swift */ = {isa = PBXFileReference; lastKnownFileType = sourcecode.swift; path = AudioTracker.swift; sourceTree = "<group>"; };
		0D28A09A29D2A41F00EC9420 /* Artist.swift */ = {isa = PBXFileReference; lastKnownFileType = sourcecode.swift; path = Artist.swift; sourceTree = "<group>"; };
		0D28A09C29D2A43400EC9420 /* UserProfile.swift */ = {isa = PBXFileReference; lastKnownFileType = sourcecode.swift; path = UserProfile.swift; sourceTree = "<group>"; };
		0D28A09E29D3341900EC9420 /* Extensions.swift */ = {isa = PBXFileReference; lastKnownFileType = sourcecode.swift; path = Extensions.swift; sourceTree = "<group>"; };
		0D28A0A029D371B200EC9420 /* AuthResponse.swift */ = {isa = PBXFileReference; lastKnownFileType = sourcecode.swift; path = AuthResponse.swift; sourceTree = "<group>"; };
		0D28A0A229D3DCB300EC9420 /* SettingsModel.swift */ = {isa = PBXFileReference; lastKnownFileType = sourcecode.swift; path = SettingsModel.swift; sourceTree = "<group>"; };
		0D28A0A429D646E300EC9420 /* NewReleasesResponse.swift */ = {isa = PBXFileReference; lastKnownFileType = sourcecode.swift; path = NewReleasesResponse.swift; sourceTree = "<group>"; };
		0D28A0A629D6485400EC9420 /* ApiImage.swift */ = {isa = PBXFileReference; lastKnownFileType = sourcecode.swift; path = ApiImage.swift; sourceTree = "<group>"; };
		0D28A0A829D64C9100EC9420 /* FeaturedPlaylistsResponse.swift */ = {isa = PBXFileReference; lastKnownFileType = sourcecode.swift; path = FeaturedPlaylistsResponse.swift; sourceTree = "<group>"; };
		0D28A0AA29D64FB700EC9420 /* RecommendedGenresResponse.swift */ = {isa = PBXFileReference; lastKnownFileType = sourcecode.swift; path = RecommendedGenresResponse.swift; sourceTree = "<group>"; };
		0D28A0AC29D652CA00EC9420 /* RecommentadionResponse.swift */ = {isa = PBXFileReference; lastKnownFileType = sourcecode.swift; path = RecommentadionResponse.swift; sourceTree = "<group>"; };
		0D28A0AF29D7961200EC9420 /* FeaturedPlaylistCollectionViewCell.swift */ = {isa = PBXFileReference; lastKnownFileType = sourcecode.swift; path = FeaturedPlaylistCollectionViewCell.swift; sourceTree = "<group>"; };
		0D28A0B129D7962F00EC9420 /* NewReleaseCollectionViewCell.swift */ = {isa = PBXFileReference; lastKnownFileType = sourcecode.swift; path = NewReleaseCollectionViewCell.swift; sourceTree = "<group>"; };
		0D28A0B329D796A400EC9420 /* RecommendedTrackCollectionViewCell.swift */ = {isa = PBXFileReference; lastKnownFileType = sourcecode.swift; path = RecommendedTrackCollectionViewCell.swift; sourceTree = "<group>"; };
		0D28A0B529D79CC200EC9420 /* NewReleasesCellViewModel.swift */ = {isa = PBXFileReference; lastKnownFileType = sourcecode.swift; path = NewReleasesCellViewModel.swift; sourceTree = "<group>"; };
		0D28A0B729D8BECF00EC9420 /* FeaturedPlaylistCellViewModel.swift */ = {isa = PBXFileReference; lastKnownFileType = sourcecode.swift; path = FeaturedPlaylistCellViewModel.swift; sourceTree = "<group>"; };
		0D28A0B929D8BF0E00EC9420 /* RecommendedTrackCellViewModel.swift */ = {isa = PBXFileReference; lastKnownFileType = sourcecode.swift; path = RecommendedTrackCellViewModel.swift; sourceTree = "<group>"; };
		0D28A0BB29D9D81000EC9420 /* AlbumViewController.swift */ = {isa = PBXFileReference; lastKnownFileType = sourcecode.swift; path = AlbumViewController.swift; sourceTree = "<group>"; };
		0D28A0BE29D9E24D00EC9420 /* Album.swift */ = {isa = PBXFileReference; lastKnownFileType = sourcecode.swift; path = Album.swift; sourceTree = "<group>"; };
		0D28A0C029D9E25600EC9420 /* AlbumDetailsResponse.swift */ = {isa = PBXFileReference; lastKnownFileType = sourcecode.swift; path = AlbumDetailsResponse.swift; sourceTree = "<group>"; };
		0D28A0C429D9E94700EC9420 /* PlaylistDetailsResponse.swift */ = {isa = PBXFileReference; lastKnownFileType = sourcecode.swift; path = PlaylistDetailsResponse.swift; sourceTree = "<group>"; };
		0D28A0C629DA0BDA00EC9420 /* PlaylistHeaderCollectionReusableView.swift */ = {isa = PBXFileReference; lastKnownFileType = sourcecode.swift; path = PlaylistHeaderCollectionReusableView.swift; sourceTree = "<group>"; };
		0D28A0C829DA856300EC9420 /* PlaylistHeaderViewModel.swift */ = {isa = PBXFileReference; lastKnownFileType = sourcecode.swift; path = PlaylistHeaderViewModel.swift; sourceTree = "<group>"; };
		0D28A0CA29DB137100EC9420 /* TItleHeaderCollectionReusableView.swift */ = {isa = PBXFileReference; lastKnownFileType = sourcecode.swift; path = TItleHeaderCollectionReusableView.swift; sourceTree = "<group>"; };
		0D28A0CC29DB9B5500EC9420 /* AlbumTrackCollectionViewCell.swift */ = {isa = PBXFileReference; lastKnownFileType = sourcecode.swift; path = AlbumTrackCollectionViewCell.swift; sourceTree = "<group>"; };
		0D28A0CE29DBBFE900EC9420 /* AlbumCollectionViewCellViewModel.swift */ = {isa = PBXFileReference; lastKnownFileType = sourcecode.swift; path = AlbumCollectionViewCellViewModel.swift; sourceTree = "<group>"; };
		0D28A0D029DBD31100EC9420 /* CategoryCollectionViewCell.swift */ = {isa = PBXFileReference; lastKnownFileType = sourcecode.swift; path = CategoryCollectionViewCell.swift; sourceTree = "<group>"; };
		0D28A0D329DD1EE700EC9420 /* AllCategoriesResponse.swift */ = {isa = PBXFileReference; lastKnownFileType = sourcecode.swift; path = AllCategoriesResponse.swift; sourceTree = "<group>"; };
		0D28A0D529DD1F2400EC9420 /* Category.swift */ = {isa = PBXFileReference; lastKnownFileType = sourcecode.swift; path = Category.swift; sourceTree = "<group>"; };
		0D28A0D729DD262100EC9420 /* CategoryCollectionViewCellViewModel.swift */ = {isa = PBXFileReference; lastKnownFileType = sourcecode.swift; path = CategoryCollectionViewCellViewModel.swift; sourceTree = "<group>"; };
		0D28A0D929DD274400EC9420 /* CategoryViewController.swift */ = {isa = PBXFileReference; lastKnownFileType = sourcecode.swift; path = CategoryViewController.swift; sourceTree = "<group>"; };
		0D28A0DC29DFC2E500EC9420 /* SearchResultResponse.swift */ = {isa = PBXFileReference; lastKnownFileType = sourcecode.swift; path = SearchResultResponse.swift; sourceTree = "<group>"; };
		0D28A0DE29DFC41900EC9420 /* SearchResult.swift */ = {isa = PBXFileReference; lastKnownFileType = sourcecode.swift; path = SearchResult.swift; sourceTree = "<group>"; };
		0D28A0E129E0C62800EC9420 /* SearchResultDefaultTableViewCell.swift */ = {isa = PBXFileReference; lastKnownFileType = sourcecode.swift; path = SearchResultDefaultTableViewCell.swift; sourceTree = "<group>"; };
		0D28A0E329E0CABF00EC9420 /* SearchResultDefaultTableViewCellViewModel.swift */ = {isa = PBXFileReference; lastKnownFileType = sourcecode.swift; path = SearchResultDefaultTableViewCellViewModel.swift; sourceTree = "<group>"; };
		0D28A0E529E0D11700EC9420 /* SearchResultsSubtitleTableViewCell.swift */ = {isa = PBXFileReference; lastKnownFileType = sourcecode.swift; path = SearchResultsSubtitleTableViewCell.swift; sourceTree = "<group>"; };
		0D28A0E729E0D23E00EC9420 /* SearchResultsSubtitleTableViewCellViewModel.swift */ = {isa = PBXFileReference; lastKnownFileType = sourcecode.swift; path = SearchResultsSubtitleTableViewCellViewModel.swift; sourceTree = "<group>"; };
		0D28A0EC29E1D20300EC9420 /* PlaybackPresenter.swift */ = {isa = PBXFileReference; lastKnownFileType = sourcecode.swift; path = PlaybackPresenter.swift; sourceTree = "<group>"; };
		0D28A0EF29E1F71F00EC9420 /* PlayerControlsView.swift */ = {isa = PBXFileReference; lastKnownFileType = sourcecode.swift; path = PlayerControlsView.swift; sourceTree = "<group>"; };
		6ED036EF9AD5D6C765A5A1C1 /* Pods-Spotify Clone.release.xcconfig */ = {isa = PBXFileReference; includeInIndex = 1; lastKnownFileType = text.xcconfig; name = "Pods-Spotify Clone.release.xcconfig"; path = "Target Support Files/Pods-Spotify Clone/Pods-Spotify Clone.release.xcconfig"; sourceTree = "<group>"; };
		7A3E867434F83DBE5D045B4D /* Pods_Spotify_Clone.framework */ = {isa = PBXFileReference; explicitFileType = wrapper.framework; includeInIndex = 0; path = Pods_Spotify_Clone.framework; sourceTree = BUILT_PRODUCTS_DIR; };
		E37369898F2DF0545D5F9DB2 /* Pods-Spotify Clone.debug.xcconfig */ = {isa = PBXFileReference; includeInIndex = 1; lastKnownFileType = text.xcconfig; name = "Pods-Spotify Clone.debug.xcconfig"; path = "Target Support Files/Pods-Spotify Clone/Pods-Spotify Clone.debug.xcconfig"; sourceTree = "<group>"; };
/* End PBXFileReference section */

/* Begin PBXFrameworksBuildPhase section */
		0D28A05A29D29E4000EC9420 /* Frameworks */ = {
			isa = PBXFrameworksBuildPhase;
			buildActionMask = 2147483647;
			files = (
				038F2EA606416022B41D9ECD /* Pods_Spotify_Clone.framework in Frameworks */,
			);
			runOnlyForDeploymentPostprocessing = 0;
		};
/* End PBXFrameworksBuildPhase section */

/* Begin PBXGroup section */
		0D28A05429D29E4000EC9420 = {
			isa = PBXGroup;
			children = (
				0D28A05F29D29E4000EC9420 /* Spotify Clone */,
				0D28A05E29D29E4000EC9420 /* Products */,
				5497704A78D019A6A5188C72 /* Pods */,
				47020010CF413F6D083384E0 /* Frameworks */,
			);
			sourceTree = "<group>";
		};
		0D28A05E29D29E4000EC9420 /* Products */ = {
			isa = PBXGroup;
			children = (
				0D28A05D29D29E4000EC9420 /* Spotify Clone.app */,
			);
			name = Products;
			sourceTree = "<group>";
		};
		0D28A05F29D29E4000EC9420 /* Spotify Clone */ = {
			isa = PBXGroup;
			children = (
				0D28A0EA29E1D1BB00EC9420 /* Presenter */,
				0D28A07429D29F1200EC9420 /* Model */,
				0D28A07929D29F7D00EC9420 /* Resources */,
				0D28A07829D29F7000EC9420 /* Managers */,
				0D28A07729D29F6300EC9420 /* ViewModels */,
				0D28A07629D29F2A00EC9420 /* Controllers */,
				0D28A07529D29F1E00EC9420 /* Views */,
				0D28A06B29D29E4200EC9420 /* LaunchScreen.storyboard */,
				0D28A06E29D29E4200EC9420 /* Info.plist */,
			);
			path = "Spotify Clone";
			sourceTree = "<group>";
		};
		0D28A07429D29F1200EC9420 /* Model */ = {
			isa = PBXGroup;
			children = (
				0D28A0DB29DFC2D000EC9420 /* Search */,
				0D28A0D229DD1ED300EC9420 /* Category */,
				0D28A0C329D9E92000EC9420 /* User */,
				0D28A0C229D9E90E00EC9420 /* Playlist */,
				0D28A0BD29D9E22F00EC9420 /* Album */,
				0D28A09829D2A40F00EC9420 /* AudioTracker.swift */,
				0D28A09A29D2A41F00EC9420 /* Artist.swift */,
				0D28A0A229D3DCB300EC9420 /* SettingsModel.swift */,
				0D28A0A429D646E300EC9420 /* NewReleasesResponse.swift */,
				0D28A0A629D6485400EC9420 /* ApiImage.swift */,
				0D28A0AA29D64FB700EC9420 /* RecommendedGenresResponse.swift */,
				0D28A0AC29D652CA00EC9420 /* RecommentadionResponse.swift */,
			);
			path = Model;
			sourceTree = "<group>";
		};
		0D28A07529D29F1E00EC9420 /* Views */ = {
			isa = PBXGroup;
			children = (
				0D28A0AE29D6955C00EC9420 /* Browser */,
				0D28A0C629DA0BDA00EC9420 /* PlaylistHeaderCollectionReusableView.swift */,
				0D28A0CA29DB137100EC9420 /* TItleHeaderCollectionReusableView.swift */,
				0D28A0CC29DB9B5500EC9420 /* AlbumTrackCollectionViewCell.swift */,
				0D28A0D029DBD31100EC9420 /* CategoryCollectionViewCell.swift */,
				0D28A0EF29E1F71F00EC9420 /* PlayerControlsView.swift */,
			);
			path = Views;
			sourceTree = "<group>";
		};
		0D28A07629D29F2A00EC9420 /* Controllers */ = {
			isa = PBXGroup;
			children = (
				0D28A0E029E0C5F500EC9420 /* SearchResullt */,
				0D28A08129D2A2EB00EC9420 /* Other */,
				0D28A07A29D2A1C900EC9420 /* Core */,
			);
			path = Controllers;
			sourceTree = "<group>";
		};
		0D28A07729D29F6300EC9420 /* ViewModels */ = {
			isa = PBXGroup;
			children = (
				0D28A0B529D79CC200EC9420 /* NewReleasesCellViewModel.swift */,
				0D28A0B729D8BECF00EC9420 /* FeaturedPlaylistCellViewModel.swift */,
				0D28A0B929D8BF0E00EC9420 /* RecommendedTrackCellViewModel.swift */,
				0D28A0C829DA856300EC9420 /* PlaylistHeaderViewModel.swift */,
				0D28A0CE29DBBFE900EC9420 /* AlbumCollectionViewCellViewModel.swift */,
				0D28A0D729DD262100EC9420 /* CategoryCollectionViewCellViewModel.swift */,
				0D28A0E329E0CABF00EC9420 /* SearchResultDefaultTableViewCellViewModel.swift */,
				0D28A0E729E0D23E00EC9420 /* SearchResultsSubtitleTableViewCellViewModel.swift */,
			);
			path = ViewModels;
			sourceTree = "<group>";
		};
		0D28A07829D29F7000EC9420 /* Managers */ = {
			isa = PBXGroup;
			children = (
				0D28A09029D2A39000EC9420 /* AuthManager.swift */,
				0D28A09229D2A3A300EC9420 /* APICaller.swift */,
				0D28A09429D2A3C800EC9420 /* HapticsManager.swift */,
			);
			path = Managers;
			sourceTree = "<group>";
		};
		0D28A07929D29F7D00EC9420 /* Resources */ = {
			isa = PBXGroup;
			children = (
				0D28A06029D29E4000EC9420 /* AppDelegate.swift */,
				0D28A06229D29E4000EC9420 /* SceneDelegate.swift */,
				0D28A06929D29E4200EC9420 /* Assets.xcassets */,
				0D28A09E29D3341900EC9420 /* Extensions.swift */,
			);
			path = Resources;
			sourceTree = "<group>";
		};
		0D28A07A29D2A1C900EC9420 /* Core */ = {
			isa = PBXGroup;
			children = (
				0D28A06429D29E4000EC9420 /* HomeViewController.swift */,
				0D28A07F29D2A2DE00EC9420 /* LibraryViewController.swift */,
				0D28A07D29D2A2D200EC9420 /* SearchViewController.swift */,
				0D28A07B29D2A27100EC9420 /* TabBarController.swift */,
			);
			path = Core;
			sourceTree = "<group>";
		};
		0D28A08129D2A2EB00EC9420 /* Other */ = {
			isa = PBXGroup;
			children = (
				0D28A0EE29E1D85800EC9420 /* Playlist */,
				0D28A08229D2A2F700EC9420 /* AuthViewController.swift */,
				0D28A08429D2A30900EC9420 /* WelcomeViewController.swift */,
				0D28A08629D2A32800EC9420 /* ProfileViewController.swift */,
				0D28A08829D2A33000EC9420 /* SettingsViewController.swift */,
				0D28A08A29D2A33D00EC9420 /* PlayerViewController.swift */,
				0D28A08E29D2A36700EC9420 /* SearchResultsViewController.swift */,
				0D28A0BB29D9D81000EC9420 /* AlbumViewController.swift */,
				0D28A0D929DD274400EC9420 /* CategoryViewController.swift */,
			);
			path = Other;
			sourceTree = "<group>";
		};
		0D28A0AE29D6955C00EC9420 /* Browser */ = {
			isa = PBXGroup;
			children = (
				0D28A0AF29D7961200EC9420 /* FeaturedPlaylistCollectionViewCell.swift */,
				0D28A0B129D7962F00EC9420 /* NewReleaseCollectionViewCell.swift */,
				0D28A0B329D796A400EC9420 /* RecommendedTrackCollectionViewCell.swift */,
			);
			path = Browser;
			sourceTree = "<group>";
		};
		0D28A0BD29D9E22F00EC9420 /* Album */ = {
			isa = PBXGroup;
			children = (
				0D28A0BE29D9E24D00EC9420 /* Album.swift */,
				0D28A0C029D9E25600EC9420 /* AlbumDetailsResponse.swift */,
			);
			path = Album;
			sourceTree = "<group>";
		};
		0D28A0C229D9E90E00EC9420 /* Playlist */ = {
			isa = PBXGroup;
			children = (
				0D28A0A829D64C9100EC9420 /* FeaturedPlaylistsResponse.swift */,
				0D28A09629D2A40100EC9420 /* Playlist.swift */,
				0D28A0C429D9E94700EC9420 /* PlaylistDetailsResponse.swift */,
			);
			path = Playlist;
			sourceTree = "<group>";
		};
		0D28A0C329D9E92000EC9420 /* User */ = {
			isa = PBXGroup;
			children = (
				0D28A0A029D371B200EC9420 /* AuthResponse.swift */,
				0D28A09C29D2A43400EC9420 /* UserProfile.swift */,
			);
			path = User;
			sourceTree = "<group>";
		};
		0D28A0D229DD1ED300EC9420 /* Category */ = {
			isa = PBXGroup;
			children = (
				0D28A0D329DD1EE700EC9420 /* AllCategoriesResponse.swift */,
				0D28A0D529DD1F2400EC9420 /* Category.swift */,
			);
			path = Category;
			sourceTree = "<group>";
		};
		0D28A0DB29DFC2D000EC9420 /* Search */ = {
			isa = PBXGroup;
			children = (
				0D28A0DC29DFC2E500EC9420 /* SearchResultResponse.swift */,
				0D28A0DE29DFC41900EC9420 /* SearchResult.swift */,
			);
			path = Search;
			sourceTree = "<group>";
		};
		0D28A0E029E0C5F500EC9420 /* SearchResullt */ = {
			isa = PBXGroup;
			children = (
				0D28A0E129E0C62800EC9420 /* SearchResultDefaultTableViewCell.swift */,
				0D28A0E529E0D11700EC9420 /* SearchResultsSubtitleTableViewCell.swift */,
			);
			path = SearchResullt;
			sourceTree = "<group>";
		};
		0D28A0EA29E1D1BB00EC9420 /* Presenter */ = {
			isa = PBXGroup;
			children = (
				0D28A0EC29E1D20300EC9420 /* PlaybackPresenter.swift */,
			);
			path = Presenter;
			sourceTree = "<group>";
		};
		0D28A0EE29E1D85800EC9420 /* Playlist */ = {
			isa = PBXGroup;
			children = (
				0D28A08C29D2A35300EC9420 /* PlaylistViewController.swift */,
			);
			path = Playlist;
			sourceTree = "<group>";
		};
		47020010CF413F6D083384E0 /* Frameworks */ = {
			isa = PBXGroup;
			children = (
				7A3E867434F83DBE5D045B4D /* Pods_Spotify_Clone.framework */,
			);
			name = Frameworks;
			sourceTree = "<group>";
		};
		5497704A78D019A6A5188C72 /* Pods */ = {
			isa = PBXGroup;
			children = (
				E37369898F2DF0545D5F9DB2 /* Pods-Spotify Clone.debug.xcconfig */,
				6ED036EF9AD5D6C765A5A1C1 /* Pods-Spotify Clone.release.xcconfig */,
			);
			path = Pods;
			sourceTree = "<group>";
		};
/* End PBXGroup section */

/* Begin PBXNativeTarget section */
		0D28A05C29D29E4000EC9420 /* Spotify Clone */ = {
			isa = PBXNativeTarget;
			buildConfigurationList = 0D28A07129D29E4200EC9420 /* Build configuration list for PBXNativeTarget "Spotify Clone" */;
			buildPhases = (
				D1DFEFE3F18E921420A72DD2 /* [CP] Check Pods Manifest.lock */,
				0D28A05929D29E4000EC9420 /* Sources */,
				0D28A05A29D29E4000EC9420 /* Frameworks */,
				0D28A05B29D29E4000EC9420 /* Resources */,
				C9E6C8DFBACF6794FF35C249 /* [CP] Embed Pods Frameworks */,
			);
			buildRules = (
			);
			dependencies = (
			);
			name = "Spotify Clone";
			productName = "Spotify Clone";
			productReference = 0D28A05D29D29E4000EC9420 /* Spotify Clone.app */;
			productType = "com.apple.product-type.application";
		};
/* End PBXNativeTarget section */

/* Begin PBXProject section */
		0D28A05529D29E4000EC9420 /* Project object */ = {
			isa = PBXProject;
			attributes = {
				BuildIndependentTargetsInParallel = 1;
				LastSwiftUpdateCheck = 1420;
				LastUpgradeCheck = 1420;
				TargetAttributes = {
					0D28A05C29D29E4000EC9420 = {
						CreatedOnToolsVersion = 14.2;
					};
				};
			};
			buildConfigurationList = 0D28A05829D29E4000EC9420 /* Build configuration list for PBXProject "Spotify Clone" */;
			compatibilityVersion = "Xcode 14.0";
			developmentRegion = en;
			hasScannedForEncodings = 0;
			knownRegions = (
				en,
				Base,
			);
			mainGroup = 0D28A05429D29E4000EC9420;
			productRefGroup = 0D28A05E29D29E4000EC9420 /* Products */;
			projectDirPath = "";
			projectRoot = "";
			targets = (
				0D28A05C29D29E4000EC9420 /* Spotify Clone */,
			);
		};
/* End PBXProject section */

/* Begin PBXResourcesBuildPhase section */
		0D28A05B29D29E4000EC9420 /* Resources */ = {
			isa = PBXResourcesBuildPhase;
			buildActionMask = 2147483647;
			files = (
				0D28A06D29D29E4200EC9420 /* LaunchScreen.storyboard in Resources */,
				0D28A06A29D29E4200EC9420 /* Assets.xcassets in Resources */,
			);
			runOnlyForDeploymentPostprocessing = 0;
		};
/* End PBXResourcesBuildPhase section */

/* Begin PBXShellScriptBuildPhase section */
		C9E6C8DFBACF6794FF35C249 /* [CP] Embed Pods Frameworks */ = {
			isa = PBXShellScriptBuildPhase;
			buildActionMask = 2147483647;
			files = (
			);
			inputFileListPaths = (
				"${PODS_ROOT}/Target Support Files/Pods-Spotify Clone/Pods-Spotify Clone-frameworks-${CONFIGURATION}-input-files.xcfilelist",
			);
			name = "[CP] Embed Pods Frameworks";
			outputFileListPaths = (
				"${PODS_ROOT}/Target Support Files/Pods-Spotify Clone/Pods-Spotify Clone-frameworks-${CONFIGURATION}-output-files.xcfilelist",
			);
			runOnlyForDeploymentPostprocessing = 0;
			shellPath = /bin/sh;
			shellScript = "\"${PODS_ROOT}/Target Support Files/Pods-Spotify Clone/Pods-Spotify Clone-frameworks.sh\"\n";
			showEnvVarsInLog = 0;
		};
		D1DFEFE3F18E921420A72DD2 /* [CP] Check Pods Manifest.lock */ = {
			isa = PBXShellScriptBuildPhase;
			buildActionMask = 2147483647;
			files = (
			);
			inputFileListPaths = (
			);
			inputPaths = (
				"${PODS_PODFILE_DIR_PATH}/Podfile.lock",
				"${PODS_ROOT}/Manifest.lock",
			);
			name = "[CP] Check Pods Manifest.lock";
			outputFileListPaths = (
			);
			outputPaths = (
				"$(DERIVED_FILE_DIR)/Pods-Spotify Clone-checkManifestLockResult.txt",
			);
			runOnlyForDeploymentPostprocessing = 0;
			shellPath = /bin/sh;
			shellScript = "diff \"${PODS_PODFILE_DIR_PATH}/Podfile.lock\" \"${PODS_ROOT}/Manifest.lock\" > /dev/null\nif [ $? != 0 ] ; then\n    # print error to STDERR\n    echo \"error: The sandbox is not in sync with the Podfile.lock. Run 'pod install' or update your CocoaPods installation.\" >&2\n    exit 1\nfi\n# This output is used by Xcode 'outputs' to avoid re-running this script phase.\necho \"SUCCESS\" > \"${SCRIPT_OUTPUT_FILE_0}\"\n";
			showEnvVarsInLog = 0;
		};
/* End PBXShellScriptBuildPhase section */

/* Begin PBXSourcesBuildPhase section */
		0D28A05929D29E4000EC9420 /* Sources */ = {
			isa = PBXSourcesBuildPhase;
			buildActionMask = 2147483647;
			files = (
				0D28A0E629E0D11700EC9420 /* SearchResultsSubtitleTableViewCell.swift in Sources */,
				0D28A07E29D2A2D200EC9420 /* SearchViewController.swift in Sources */,
				0D28A0B229D7963000EC9420 /* NewReleaseCollectionViewCell.swift in Sources */,
				0D28A09929D2A40F00EC9420 /* AudioTracker.swift in Sources */,
				0D28A0CB29DB137100EC9420 /* TItleHeaderCollectionReusableView.swift in Sources */,
				0D28A0DA29DD274400EC9420 /* CategoryViewController.swift in Sources */,
				0D28A0E229E0C62800EC9420 /* SearchResultDefaultTableViewCell.swift in Sources */,
				0D28A0B629D79CC200EC9420 /* NewReleasesCellViewModel.swift in Sources */,
				0D28A0ED29E1D20300EC9420 /* PlaybackPresenter.swift in Sources */,
				0D28A0BA29D8BF0E00EC9420 /* RecommendedTrackCellViewModel.swift in Sources */,
				0D28A09729D2A40100EC9420 /* Playlist.swift in Sources */,
				0D28A0BC29D9D81000EC9420 /* AlbumViewController.swift in Sources */,
				0D28A0B829D8BECF00EC9420 /* FeaturedPlaylistCellViewModel.swift in Sources */,
				0D28A08F29D2A36700EC9420 /* SearchResultsViewController.swift in Sources */,
				0D28A08529D2A30900EC9420 /* WelcomeViewController.swift in Sources */,
				0D28A0DF29DFC41900EC9420 /* SearchResult.swift in Sources */,
				0D28A07C29D2A27100EC9420 /* TabBarController.swift in Sources */,
				0D28A0C129D9E25600EC9420 /* AlbumDetailsResponse.swift in Sources */,
				0D28A0CF29DBBFE900EC9420 /* AlbumCollectionViewCellViewModel.swift in Sources */,
				0D28A09B29D2A41F00EC9420 /* Artist.swift in Sources */,
				0D28A0B429D796A400EC9420 /* RecommendedTrackCollectionViewCell.swift in Sources */,
				0D28A08929D2A33000EC9420 /* SettingsViewController.swift in Sources */,
				0D28A0C529D9E94700EC9420 /* PlaylistDetailsResponse.swift in Sources */,
				0D28A0A129D371B200EC9420 /* AuthResponse.swift in Sources */,
				0D28A0E829E0D23E00EC9420 /* SearchResultsSubtitleTableViewCellViewModel.swift in Sources */,
				0D28A0A529D646E300EC9420 /* NewReleasesResponse.swift in Sources */,
				0D28A0A729D6485400EC9420 /* ApiImage.swift in Sources */,
				0D28A06529D29E4000EC9420 /* HomeViewController.swift in Sources */,
				0D28A09529D2A3C800EC9420 /* HapticsManager.swift in Sources */,
				0D28A08329D2A2F700EC9420 /* AuthViewController.swift in Sources */,
				0D28A0D129DBD31100EC9420 /* CategoryCollectionViewCell.swift in Sources */,
				0D28A0A329D3DCB300EC9420 /* SettingsModel.swift in Sources */,
				0D28A0C729DA0BDA00EC9420 /* PlaylistHeaderCollectionReusableView.swift in Sources */,
				0D28A0AD29D652CA00EC9420 /* RecommentadionResponse.swift in Sources */,
				0D28A09129D2A39000EC9420 /* AuthManager.swift in Sources */,
				0D28A09D29D2A43400EC9420 /* UserProfile.swift in Sources */,
				0D28A0F029E1F71F00EC9420 /* PlayerControlsView.swift in Sources */,
				0D28A09F29D3341900EC9420 /* Extensions.swift in Sources */,
				0D28A0BF29D9E24D00EC9420 /* Album.swift in Sources */,
				0D28A06129D29E4000EC9420 /* AppDelegate.swift in Sources */,
				0D28A0D429DD1EE700EC9420 /* AllCategoriesResponse.swift in Sources */,
				0D28A08729D2A32800EC9420 /* ProfileViewController.swift in Sources */,
				0D28A0C929DA856300EC9420 /* PlaylistHeaderViewModel.swift in Sources */,
				0D28A0E429E0CABF00EC9420 /* SearchResultDefaultTableViewCellViewModel.swift in Sources */,
				0D28A08D29D2A35300EC9420 /* PlaylistViewController.swift in Sources */,
				0D28A0DD29DFC2E500EC9420 /* SearchResultResponse.swift in Sources */,
				0D28A0D629DD1F2500EC9420 /* Category.swift in Sources */,
				0D28A0CD29DB9B5500EC9420 /* AlbumTrackCollectionViewCell.swift in Sources */,
				0D28A0D829DD262100EC9420 /* CategoryCollectionViewCellViewModel.swift in Sources */,
				0D28A0B029D7961200EC9420 /* FeaturedPlaylistCollectionViewCell.swift in Sources */,
				0D28A08029D2A2DE00EC9420 /* LibraryViewController.swift in Sources */,
				0D28A08B29D2A33D00EC9420 /* PlayerViewController.swift in Sources */,
				0D28A09329D2A3A300EC9420 /* APICaller.swift in Sources */,
				0D28A0A929D64C9100EC9420 /* FeaturedPlaylistsResponse.swift in Sources */,
				0D28A06329D29E4000EC9420 /* SceneDelegate.swift in Sources */,
				0D28A0AB29D64FB800EC9420 /* RecommendedGenresResponse.swift in Sources */,
			);
			runOnlyForDeploymentPostprocessing = 0;
		};
/* End PBXSourcesBuildPhase section */

/* Begin PBXVariantGroup section */
		0D28A06B29D29E4200EC9420 /* LaunchScreen.storyboard */ = {
			isa = PBXVariantGroup;
			children = (
				0D28A06C29D29E4200EC9420 /* Base */,
			);
			name = LaunchScreen.storyboard;
			sourceTree = "<group>";
		};
/* End PBXVariantGroup section */

/* Begin XCBuildConfiguration section */
		0D28A06F29D29E4200EC9420 /* Debug */ = {
			isa = XCBuildConfiguration;
			buildSettings = {
				ALWAYS_SEARCH_USER_PATHS = NO;
				CLANG_ANALYZER_NONNULL = YES;
				CLANG_ANALYZER_NUMBER_OBJECT_CONVERSION = YES_AGGRESSIVE;
				CLANG_CXX_LANGUAGE_STANDARD = "gnu++20";
				CLANG_ENABLE_MODULES = YES;
				CLANG_ENABLE_OBJC_ARC = YES;
				CLANG_ENABLE_OBJC_WEAK = YES;
				CLANG_WARN_BLOCK_CAPTURE_AUTORELEASING = YES;
				CLANG_WARN_BOOL_CONVERSION = YES;
				CLANG_WARN_COMMA = YES;
				CLANG_WARN_CONSTANT_CONVERSION = YES;
				CLANG_WARN_DEPRECATED_OBJC_IMPLEMENTATIONS = YES;
				CLANG_WARN_DIRECT_OBJC_ISA_USAGE = YES_ERROR;
				CLANG_WARN_DOCUMENTATION_COMMENTS = YES;
				CLANG_WARN_EMPTY_BODY = YES;
				CLANG_WARN_ENUM_CONVERSION = YES;
				CLANG_WARN_INFINITE_RECURSION = YES;
				CLANG_WARN_INT_CONVERSION = YES;
				CLANG_WARN_NON_LITERAL_NULL_CONVERSION = YES;
				CLANG_WARN_OBJC_IMPLICIT_RETAIN_SELF = YES;
				CLANG_WARN_OBJC_LITERAL_CONVERSION = YES;
				CLANG_WARN_OBJC_ROOT_CLASS = YES_ERROR;
				CLANG_WARN_QUOTED_INCLUDE_IN_FRAMEWORK_HEADER = YES;
				CLANG_WARN_RANGE_LOOP_ANALYSIS = YES;
				CLANG_WARN_STRICT_PROTOTYPES = YES;
				CLANG_WARN_SUSPICIOUS_MOVE = YES;
				CLANG_WARN_UNGUARDED_AVAILABILITY = YES_AGGRESSIVE;
				CLANG_WARN_UNREACHABLE_CODE = YES;
				CLANG_WARN__DUPLICATE_METHOD_MATCH = YES;
				COPY_PHASE_STRIP = NO;
				DEBUG_INFORMATION_FORMAT = dwarf;
				ENABLE_STRICT_OBJC_MSGSEND = YES;
				ENABLE_TESTABILITY = YES;
				GCC_C_LANGUAGE_STANDARD = gnu11;
				GCC_DYNAMIC_NO_PIC = NO;
				GCC_NO_COMMON_BLOCKS = YES;
				GCC_OPTIMIZATION_LEVEL = 0;
				GCC_PREPROCESSOR_DEFINITIONS = (
					"DEBUG=1",
					"$(inherited)",
				);
				GCC_WARN_64_TO_32_BIT_CONVERSION = YES;
				GCC_WARN_ABOUT_RETURN_TYPE = YES_ERROR;
				GCC_WARN_UNDECLARED_SELECTOR = YES;
				GCC_WARN_UNINITIALIZED_AUTOS = YES_AGGRESSIVE;
				GCC_WARN_UNUSED_FUNCTION = YES;
				GCC_WARN_UNUSED_VARIABLE = YES;
				IPHONEOS_DEPLOYMENT_TARGET = 16.2;
				MTL_ENABLE_DEBUG_INFO = INCLUDE_SOURCE;
				MTL_FAST_MATH = YES;
				ONLY_ACTIVE_ARCH = YES;
				SDKROOT = iphoneos;
				SWIFT_ACTIVE_COMPILATION_CONDITIONS = DEBUG;
				SWIFT_OPTIMIZATION_LEVEL = "-Onone";
			};
			name = Debug;
		};
		0D28A07029D29E4200EC9420 /* Release */ = {
			isa = XCBuildConfiguration;
			buildSettings = {
				ALWAYS_SEARCH_USER_PATHS = NO;
				CLANG_ANALYZER_NONNULL = YES;
				CLANG_ANALYZER_NUMBER_OBJECT_CONVERSION = YES_AGGRESSIVE;
				CLANG_CXX_LANGUAGE_STANDARD = "gnu++20";
				CLANG_ENABLE_MODULES = YES;
				CLANG_ENABLE_OBJC_ARC = YES;
				CLANG_ENABLE_OBJC_WEAK = YES;
				CLANG_WARN_BLOCK_CAPTURE_AUTORELEASING = YES;
				CLANG_WARN_BOOL_CONVERSION = YES;
				CLANG_WARN_COMMA = YES;
				CLANG_WARN_CONSTANT_CONVERSION = YES;
				CLANG_WARN_DEPRECATED_OBJC_IMPLEMENTATIONS = YES;
				CLANG_WARN_DIRECT_OBJC_ISA_USAGE = YES_ERROR;
				CLANG_WARN_DOCUMENTATION_COMMENTS = YES;
				CLANG_WARN_EMPTY_BODY = YES;
				CLANG_WARN_ENUM_CONVERSION = YES;
				CLANG_WARN_INFINITE_RECURSION = YES;
				CLANG_WARN_INT_CONVERSION = YES;
				CLANG_WARN_NON_LITERAL_NULL_CONVERSION = YES;
				CLANG_WARN_OBJC_IMPLICIT_RETAIN_SELF = YES;
				CLANG_WARN_OBJC_LITERAL_CONVERSION = YES;
				CLANG_WARN_OBJC_ROOT_CLASS = YES_ERROR;
				CLANG_WARN_QUOTED_INCLUDE_IN_FRAMEWORK_HEADER = YES;
				CLANG_WARN_RANGE_LOOP_ANALYSIS = YES;
				CLANG_WARN_STRICT_PROTOTYPES = YES;
				CLANG_WARN_SUSPICIOUS_MOVE = YES;
				CLANG_WARN_UNGUARDED_AVAILABILITY = YES_AGGRESSIVE;
				CLANG_WARN_UNREACHABLE_CODE = YES;
				CLANG_WARN__DUPLICATE_METHOD_MATCH = YES;
				COPY_PHASE_STRIP = NO;
				DEBUG_INFORMATION_FORMAT = "dwarf-with-dsym";
				ENABLE_NS_ASSERTIONS = NO;
				ENABLE_STRICT_OBJC_MSGSEND = YES;
				GCC_C_LANGUAGE_STANDARD = gnu11;
				GCC_NO_COMMON_BLOCKS = YES;
				GCC_WARN_64_TO_32_BIT_CONVERSION = YES;
				GCC_WARN_ABOUT_RETURN_TYPE = YES_ERROR;
				GCC_WARN_UNDECLARED_SELECTOR = YES;
				GCC_WARN_UNINITIALIZED_AUTOS = YES_AGGRESSIVE;
				GCC_WARN_UNUSED_FUNCTION = YES;
				GCC_WARN_UNUSED_VARIABLE = YES;
				IPHONEOS_DEPLOYMENT_TARGET = 16.2;
				MTL_ENABLE_DEBUG_INFO = NO;
				MTL_FAST_MATH = YES;
				SDKROOT = iphoneos;
				SWIFT_COMPILATION_MODE = wholemodule;
				SWIFT_OPTIMIZATION_LEVEL = "-O";
				VALIDATE_PRODUCT = YES;
			};
			name = Release;
		};
		0D28A07229D29E4200EC9420 /* Debug */ = {
			isa = XCBuildConfiguration;
			baseConfigurationReference = E37369898F2DF0545D5F9DB2 /* Pods-Spotify Clone.debug.xcconfig */;
			buildSettings = {
				ASSETCATALOG_COMPILER_APPICON_NAME = AppIcon;
				ASSETCATALOG_COMPILER_GLOBAL_ACCENT_COLOR_NAME = AccentColor;
				CODE_SIGN_STYLE = Automatic;
				CURRENT_PROJECT_VERSION = 1;
				DEVELOPMENT_TEAM = 7RY3ZH3AW2;
				GENERATE_INFOPLIST_FILE = YES;
				INFOPLIST_FILE = "Spotify Clone/Info.plist";
				INFOPLIST_KEY_UIApplicationSupportsIndirectInputEvents = YES;
				INFOPLIST_KEY_UILaunchStoryboardName = LaunchScreen;
				INFOPLIST_KEY_UISupportedInterfaceOrientations_iPad = "UIInterfaceOrientationPortrait UIInterfaceOrientationPortraitUpsideDown UIInterfaceOrientationLandscapeLeft UIInterfaceOrientationLandscapeRight";
				INFOPLIST_KEY_UISupportedInterfaceOrientations_iPhone = "UIInterfaceOrientationPortrait UIInterfaceOrientationLandscapeLeft UIInterfaceOrientationLandscapeRight";
				LD_RUNPATH_SEARCH_PATHS = (
					"$(inherited)",
					"@executable_path/Frameworks",
				);
				MARKETING_VERSION = 1.0;
				PRODUCT_BUNDLE_IDENTIFIER = "mmjck.Spotify-Clone";
				PRODUCT_NAME = "$(TARGET_NAME)";
				SWIFT_EMIT_LOC_STRINGS = YES;
				SWIFT_VERSION = 5.0;
				TARGETED_DEVICE_FAMILY = "1,2";
			};
			name = Debug;
		};
		0D28A07329D29E4200EC9420 /* Release */ = {
			isa = XCBuildConfiguration;
			baseConfigurationReference = 6ED036EF9AD5D6C765A5A1C1 /* Pods-Spotify Clone.release.xcconfig */;
			buildSettings = {
				ASSETCATALOG_COMPILER_APPICON_NAME = AppIcon;
				ASSETCATALOG_COMPILER_GLOBAL_ACCENT_COLOR_NAME = AccentColor;
				CODE_SIGN_STYLE = Automatic;
				CURRENT_PROJECT_VERSION = 1;
				DEVELOPMENT_TEAM = 7RY3ZH3AW2;
				GENERATE_INFOPLIST_FILE = YES;
				INFOPLIST_FILE = "Spotify Clone/Info.plist";
				INFOPLIST_KEY_UIApplicationSupportsIndirectInputEvents = YES;
				INFOPLIST_KEY_UILaunchStoryboardName = LaunchScreen;
				INFOPLIST_KEY_UISupportedInterfaceOrientations_iPad = "UIInterfaceOrientationPortrait UIInterfaceOrientationPortraitUpsideDown UIInterfaceOrientationLandscapeLeft UIInterfaceOrientationLandscapeRight";
				INFOPLIST_KEY_UISupportedInterfaceOrientations_iPhone = "UIInterfaceOrientationPortrait UIInterfaceOrientationLandscapeLeft UIInterfaceOrientationLandscapeRight";
				LD_RUNPATH_SEARCH_PATHS = (
					"$(inherited)",
					"@executable_path/Frameworks",
				);
				MARKETING_VERSION = 1.0;
				PRODUCT_BUNDLE_IDENTIFIER = "mmjck.Spotify-Clone";
				PRODUCT_NAME = "$(TARGET_NAME)";
				SWIFT_EMIT_LOC_STRINGS = YES;
				SWIFT_VERSION = 5.0;
				TARGETED_DEVICE_FAMILY = "1,2";
			};
			name = Release;
		};
/* End XCBuildConfiguration section */

/* Begin XCConfigurationList section */
		0D28A05829D29E4000EC9420 /* Build configuration list for PBXProject "Spotify Clone" */ = {
			isa = XCConfigurationList;
			buildConfigurations = (
				0D28A06F29D29E4200EC9420 /* Debug */,
				0D28A07029D29E4200EC9420 /* Release */,
			);
			defaultConfigurationIsVisible = 0;
			defaultConfigurationName = Release;
		};
		0D28A07129D29E4200EC9420 /* Build configuration list for PBXNativeTarget "Spotify Clone" */ = {
			isa = XCConfigurationList;
			buildConfigurations = (
				0D28A07229D29E4200EC9420 /* Debug */,
				0D28A07329D29E4200EC9420 /* Release */,
			);
			defaultConfigurationIsVisible = 0;
			defaultConfigurationName = Release;
		};
/* End XCConfigurationList section */
	};
	rootObject = 0D28A05529D29E4000EC9420 /* Project object */;
}
